
Microsoft Visual Studio Solution File, Format Version 12.00
# Visual Studio Version 16
VisualStudioVersion = 16.0.30621.155
MinimumVisualStudioVersion = 10.0.40219.1
Project("{FAE04EC0-301F-11D3-BF4B-00C04F79EFBC}") = "APIMonitization", "APIMonitization\APIMonitization.csproj", "{39F734A4-3033-4395-A36A-508C0FD4D9EE}"
EndProject
Global
	GlobalSection(SolutionConfigurationPlatforms) = preSolution
		Debug|Any CPU = Debug|Any CPU
		Release|Any CPU = Release|Any CPU
	EndGlobalSection
	GlobalSection(ProjectConfigurationPlatforms) = postSolution
		{39F734A4-3033-4395-A36A-508C0FD4D9EE}.Debug|Any CPU.ActiveCfg = Debug|Any CPU
		{39F734A4-3033-4395-A36A-508C0FD4D9EE}.Debug|Any CPU.Build.0 = Debug|Any CPU
		{39F734A4-3033-4395-A36A-508C0FD4D9EE}.Release|Any CPU.ActiveCfg = Release|Any CPU
		{39F734A4-3033-4395-A36A-508C0FD4D9EE}.Release|Any CPU.Build.0 = Release|Any CPU
	EndGlobalSection
	GlobalSection(SolutionProperties) = preSolution
		HideSolutionNode = FALSE
	EndGlobalSection
	GlobalSection(ExtensibilityGlobals) = postSolution
		SolutionGuid = {F3A17AE7-C8A0-40F4-B45D-B7CEAEE385AE}
	EndGlobalSection
EndGlobal
